
Microsoft Visual Studio Solution File, Format Version 12.00
# Visual Studio Version 17
VisualStudioVersion = 17.6.33723.286
MinimumVisualStudioVersion = 10.0.40219.1
Project("{FAE04EC0-301F-11D3-BF4B-00C04F79EFBC}") = "proverb", "proverb\proverb.csproj", "{507FEC47-48C2-4E86-B0AE-8D3CDFBAB73E}"
EndProject
Global
	GlobalSection(SolutionConfigurationPlatforms) = preSolution
		Debug|Any CPU = Debug|Any CPU
		Release|Any CPU = Release|Any CPU
	EndGlobalSection
	GlobalSection(ProjectConfigurationPlatforms) = postSolution
		{507FEC47-48C2-4E86-B0AE-8D3CDFBAB73E}.Debug|Any CPU.ActiveCfg = Debug|Any CPU
		{507FEC47-48C2-4E86-B0AE-8D3CDFBAB73E}.Debug|Any CPU.Build.0 = Debug|Any CPU
		{507FEC47-48C2-4E86-B0AE-8D3CDFBAB73E}.Release|Any CPU.ActiveCfg = Release|Any CPU
		{507FEC47-48C2-4E86-B0AE-8D3CDFBAB73E}.Release|Any CPU.Build.0 = Release|Any CPU
	EndGlobalSection
	GlobalSection(SolutionProperties) = preSolution
		HideSolutionNode = FALSE
	EndGlobalSection
	GlobalSection(ExtensibilityGlobals) = postSolution
		SolutionGuid = {2032B919-57C1-4EC0-A273-E1B9C9CF2677}
	EndGlobalSection
EndGlobal
